lockfileVersion: '9.0'

settings:
  autoInstallPeers: true
  excludeLinksFromLockfile: false

importers:

  .:
    dependencies:
      dayjs:
        specifier: ^1.11.6
        version: 1.11.13
      ky:
        specifier: ^1.7.2
        version: 1.7.2

packages:

  dayjs@1.11.13:
    resolution: {integrity: sha512-oaMBel6gjolK862uaPQOVTA7q3TZhuSvuMQAAglQDOWYO9A91IrAOUJEyKVlqJlHE0vq5p5UXxzdPfMH/x6xNg==}

  ky@1.7.2:
    resolution: {integrity: sha512-OzIvbHKKDpi60TnF9t7UUVAF1B4mcqc02z5PIvrm08Wyb+yOcz63GRvEuVxNT18a9E1SrNouhB4W2NNLeD7Ykg==}
    engines: {node: '>=18'}

snapshots:

  dayjs@1.11.13: {}

  ky@1.7.2: {}
